
Microsoft Visual Studio Solution File, Format Version 12.00
Project("{FAE04EC0-301F-11D3-BF4B-00C04F79EFBC}") = "FoodWeb", "FoodWeb.csproj", "{7BB6DAD7-B324-4015-9CEE-CE04455601B3}"
EndProject
Global
	GlobalSection(SolutionConfigurationPlatforms) = preSolution
		Debug|Any CPU = Debug|Any CPU
		Release|Any CPU = Release|Any CPU
	EndGlobalSection
	GlobalSection(ProjectConfigurationPlatforms) = postSolution
		{7BB6DAD7-B324-4015-9CEE-CE04455601B3}.Debug|Any CPU.ActiveCfg = Debug|Any CPU
		{7BB6DAD7-B324-4015-9CEE-CE04455601B3}.Debug|Any CPU.Build.0 = Debug|Any CPU
		{7BB6DAD7-B324-4015-9CEE-CE04455601B3}.Release|Any CPU.ActiveCfg = Release|Any CPU
		{7BB6DAD7-B324-4015-9CEE-CE04455601B3}.Release|Any CPU.Build.0 = Release|Any CPU
	EndGlobalSection
EndGlobal
